
Microsoft Visual Studio Solution File, Format Version 12.00
# Visual Studio Version 17
VisualStudioVersion = 17.4.33213.308
MinimumVisualStudioVersion = 10.0.40219.1
Project("{FAE04EC0-301F-11D3-BF4B-00C04F79EFBC}") = "SystemBuddy", "SystemBuddy\SystemBuddy.csproj", "{93F80BEE-DFA7-435E-9BCB-3E619FC44615}"
EndProject
Project("{FAE04EC0-301F-11D3-BF4B-00C04F79EFBC}") = "SystemBuddyUI", "SystemBuddyUI\SystemBuddyUI.csproj", "{F059DF3A-6802-4560-B4ED-5EFD494BF0A4}"
EndProject
Global
	GlobalSection(SolutionConfigurationPlatforms) = preSolution
		Debug|Any CPU = Debug|Any CPU
		Release|Any CPU = Release|Any CPU
	EndGlobalSection
	GlobalSection(ProjectConfigurationPlatforms) = postSolution
		{93F80BEE-DFA7-435E-9BCB-3E619FC44615}.Debug|Any CPU.ActiveCfg = Debug|Any CPU
		{93F80BEE-DFA7-435E-9BCB-3E619FC44615}.Debug|Any CPU.Build.0 = Debug|Any CPU
		{93F80BEE-DFA7-435E-9BCB-3E619FC44615}.Release|Any CPU.ActiveCfg = Release|Any CPU
		{93F80BEE-DFA7-435E-9BCB-3E619FC44615}.Release|Any CPU.Build.0 = Release|Any CPU
		{F059DF3A-6802-4560-B4ED-5EFD494BF0A4}.Debug|Any CPU.ActiveCfg = Debug|Any CPU
		{F059DF3A-6802-4560-B4ED-5EFD494BF0A4}.Debug|Any CPU.Build.0 = Debug|Any CPU
		{F059DF3A-6802-4560-B4ED-5EFD494BF0A4}.Release|Any CPU.ActiveCfg = Release|Any CPU
		{F059DF3A-6802-4560-B4ED-5EFD494BF0A4}.Release|Any CPU.Build.0 = Release|Any CPU
	EndGlobalSection
	GlobalSection(SolutionProperties) = preSolution
		HideSolutionNode = FALSE
	EndGlobalSection
	GlobalSection(ExtensibilityGlobals) = postSolution
		SolutionGuid = {B1027B5D-4F0F-49C0-9878-0700EAF31BD1}
	EndGlobalSection
EndGlobal
